# Generated by conda-lock.
# platform: linux-64
# input_hash: 08163b6ccf1f1e5ce5354fe877366ee75735de2668a653b7859b881256eb9bf4
@EXPLICIT
https://conda.anaconda.org/conda-forge/linux-64/_libgcc_mutex-0.1-conda_forge.tar.bz2#d7c89558ba9fa0495403155b64376d81
https://conda.anaconda.org/conda-forge/linux-64/ca-certificates-2022.12.7-ha878542_0.conda#ff9f73d45c4a07d6f424495288a26080
https://conda.anaconda.org/conda-forge/linux-64/ld_impl_linux-64-2.40-h41732ed_0.conda#7aca3059a1729aa76c597603f10b0dd3
https://conda.anaconda.org/conda-forge/linux-64/libgfortran5-12.2.0-h337968e_19.tar.bz2#164b4b1acaedc47ee7e658ae6b308ca3
https://conda.anaconda.org/conda-forge/linux-64/libstdcxx-ng-12.2.0-h46fd767_19.tar.bz2#1030b1f38c129f2634eae026f704fe60
https://conda.anaconda.org/conda-forge/linux-64/mkl-include-2022.1.0-h84fe81f_915.tar.bz2#2dcd1acca05c11410d4494d7fc7dfa2a
https://conda.anaconda.org/conda-forge/linux-64/python_abi-3.8-3_cp38.conda#2f3f7af062b42d664117662612022204
https://conda.anaconda.org/pytorch/noarch/pytorch-mutex-1.0-cpu.tar.bz2#49565ed726991fd28d08a39885caa88d
https://conda.anaconda.org/pytorch/noarch/cpuonly-2.0-0.tar.bz2#1cf3a59ef90a4078c253e3b02c272065
https://conda.anaconda.org/conda-forge/linux-64/libgfortran-ng-12.2.0-h69a702a_19.tar.bz2#cd7a806282c16e1f2d39a7e80d3a3e0d
https://conda.anaconda.org/conda-forge/linux-64/_openmp_mutex-4.5-2_kmp_llvm.tar.bz2#562b26ba2e19059551a811e72ab7f793
https://conda.anaconda.org/conda-forge/linux-64/libgcc-ng-12.2.0-h65d4601_19.tar.bz2#e4c94f80aef025c17ab0828cd85ef535
https://conda.anaconda.org/conda-forge/linux-64/bzip2-1.0.8-h7f98852_4.tar.bz2#a1fd65c7ccbf10880423d82bca54eb54
https://conda.anaconda.org/conda-forge/linux-64/icu-72.1-hcb278e6_0.conda#7c8d20d847bb45f56bd941578fcfa146
https://conda.anaconda.org/conda-forge/linux-64/libabseil-20230125.0-cxx17_hcb278e6_1.conda#a1c65f83198fd8d0328c0a6482c6f31b
https://conda.anaconda.org/conda-forge/linux-64/libffi-3.4.2-h7f98852_5.tar.bz2#d645c6d2ac96843a2bfaccd2d62b3ac3
https://conda.anaconda.org/conda-forge/linux-64/libiconv-1.17-h166bdaf_0.tar.bz2#b62b52da46c39ee2bc3c162ac7f1804d
https://conda.anaconda.org/conda-forge/linux-64/libnsl-2.0.0-h7f98852_0.tar.bz2#39b1328babf85c7c3a61636d9cd50206
https://conda.anaconda.org/conda-forge/linux-64/libuuid-2.38.1-h0b41bf4_0.conda#40b61aab5c7ba9ff276c41cfffe6b80b
https://conda.anaconda.org/conda-forge/linux-64/libzlib-1.2.13-h166bdaf_4.tar.bz2#f3f9de449d32ca9b9c66a22863c96f41
https://conda.anaconda.org/conda-forge/linux-64/ncurses-6.3-h27087fc_1.tar.bz2#4acfc691e64342b9dae57cf2adc63238
https://conda.anaconda.org/conda-forge/linux-64/openssl-3.1.0-h0b41bf4_0.conda#2d833be81a21128e317325a01326d36f
https://conda.anaconda.org/conda-forge/linux-64/xz-5.2.6-h166bdaf_0.tar.bz2#2161070d867d1b1204ea749c8eec4ef0
https://conda.anaconda.org/conda-forge/linux-64/libprotobuf-3.21.12-h3eb15da_0.conda#4b36c68184c6c85d88c6e595a32a1ede
https://conda.anaconda.org/conda-forge/linux-64/libsqlite-3.40.0-h753d276_0.tar.bz2#2e5f9a37d487e1019fd4d8113adb2f9f
https://conda.anaconda.org/conda-forge/linux-64/libxml2-2.10.3-hfdac1af_6.conda#7eecaadc2eaeef464c5fe17702f17c86
https://conda.anaconda.org/conda-forge/linux-64/readline-8.2-h8228510_1.conda#47d31b792659ce70f470b5c82fdfb7a4
https://conda.anaconda.org/conda-forge/linux-64/tk-8.6.12-h27826a3_0.tar.bz2#5b8c42eb62e9fc961af70bdd6a26e168
https://conda.anaconda.org/conda-forge/linux-64/zstd-1.5.2-h3eb15da_6.conda#6b63daed8feeca47be78f323e793d555
https://conda.anaconda.org/conda-forge/linux-64/libhwloc-2.9.0-hd6dc26d_0.conda#ab9d052373c9376c0ebcff4dfef3d296
https://conda.anaconda.org/conda-forge/linux-64/libsentencepiece-0.1.97-h47aad16_1.conda#49a3a962c20c151290da194bc398b95f
https://conda.anaconda.org/conda-forge/linux-64/llvm-openmp-16.0.0-h417c0b6_0.conda#8ac4c157172ea816f5c9a0dc33df69d8
https://conda.anaconda.org/conda-forge/linux-64/python-3.8.16-he550d4f_1_cpython.conda#9de84cccfbc5f8350a3667bb6ef6fc30
https://conda.anaconda.org/conda-forge/linux-64/sentencepiece-python-0.1.97-py38h0c9c4f8_1.conda#4ac8fdec1a92b4062be1af93d4170caf
https://conda.anaconda.org/conda-forge/linux-64/sentencepiece-spm-0.1.97-h47aad16_1.conda#7668cfc2d07443872226d3e89491892e
https://conda.anaconda.org/conda-forge/noarch/setuptools-67.6.1-pyhd8ed1ab_0.conda#6c443cccff3daa3d83b2b807b0a298ce
https://conda.anaconda.org/conda-forge/linux-64/tbb-2021.8.0-hf52228f_0.conda#b4188d0c54ead87b3c6bc9cb07281f40
https://conda.anaconda.org/conda-forge/noarch/typing_extensions-4.5.0-pyha770c72_0.conda#43e7d9e50261fb11deb76e17d8431aac
https://conda.anaconda.org/conda-forge/linux-64/websockets-10.4-py38h0a891b7_1.tar.bz2#93a368347e91aed1fd2ddd89d3ed9f41
https://conda.anaconda.org/conda-forge/noarch/wheel-0.40.0-pyhd8ed1ab_0.conda#49bb0d9e60ce1db25e151780331bb5f3
https://conda.anaconda.org/conda-forge/linux-64/mkl-2022.1.0-h84fe81f_915.tar.bz2#b9c8f925797a93dbff45e1626b025a6b
https://conda.anaconda.org/conda-forge/noarch/pip-23.0.1-pyhd8ed1ab_0.conda#8025ca83b8ba5430b640b83917c2a6f7
https://conda.anaconda.org/conda-forge/linux-64/sentencepiece-0.1.97-h578d9bd_1.conda#fcf31fd08a79d6a3d4ce231c0567fcc3
https://conda.anaconda.org/conda-forge/linux-64/libblas-3.9.0-16_linux64_mkl.tar.bz2#85f61af03fd291dae33150ffe89dc09a
https://conda.anaconda.org/conda-forge/linux-64/mkl-devel-2022.1.0-ha770c72_916.tar.bz2#69ba49e445f87aea2cba343a71a35ca2
https://conda.anaconda.org/conda-forge/linux-64/libcblas-3.9.0-16_linux64_mkl.tar.bz2#361bf757b95488de76c4f123805742d3
https://conda.anaconda.org/conda-forge/linux-64/liblapack-3.9.0-16_linux64_mkl.tar.bz2#a2f166748917d6d6e4707841ca1f519e
https://conda.anaconda.org/conda-forge/linux-64/liblapacke-3.9.0-16_linux64_mkl.tar.bz2#44ccc4d4dca6a8d57fa17442bc64b5a1
https://conda.anaconda.org/conda-forge/linux-64/numpy-1.24.2-py38h10c12cc_0.conda#05592c85b9f6931dc2df1e80c0d56294
https://conda.anaconda.org/conda-forge/linux-64/blas-devel-3.9.0-16_linux64_mkl.tar.bz2#3f92c1c9e1c0e183462c5071aa02cae1
https://conda.anaconda.org/conda-forge/linux-64/blas-2.116-mkl.tar.bz2#c196a26abf6b4f132c88828ab7c2231c
https://conda.anaconda.org/pytorch/linux-64/pytorch-1.13.0-py3.8_cpu_0.tar.bz2#7b94b7ac277fcd2ce9e979c2f4d1cace
https://conda.anaconda.org/k2-fsa/linux-64/k2-1.23.4.dev20230131-cpu_py3.8_torch1.13.0.tar.bz2#26fcbcaad38b6dfa6775ee057df09c02
https://conda.anaconda.org/kaldifeat/linux-64/kaldifeat-1.23-cpu_py3.8_torch1.13.0.tar.bz2#2c52173aa09182eeb3c8b0561d0bbcbf
https://conda.anaconda.org/pytorch/linux-64/torchaudio-0.13.0-py38_cpu.tar.bz2#e85b72994af7114a3ec833b0c3df6d57
